
Microsoft Visual Studio Solution File, Format Version 12.00
# Visual Studio 15
VisualStudioVersion = 15.0.26228.4
MinimumVisualStudioVersion = 10.0.40219.1
Project("{FAE04EC0-301F-11D3-BF4B-00C04F79EFBC}") = "Sycade.BunqApi", "Sycade.BunqApi\Sycade.BunqApi.csproj", "{404330AC-8922-40FC-BA28-C5D0326F3AE2}"
EndProject
Project("{FAE04EC0-301F-11D3-BF4B-00C04F79EFBC}") = "ConsoleApplication1", "ConsoleApplication1\ConsoleApplication1.csproj", "{FA8567EA-EBC5-4F87-8409-E9E99EB4C279}"
EndProject
Project("{2150E333-8FDC-42A3-9474-1A3956D46DE8}") = "Solution Items", "Solution Items", "{A78CF661-84A0-4CA8-BB0F-317B1F0B67E9}"
	ProjectSection(SolutionItems) = preProject
		README.md = README.md
	EndProjectSection
EndProject
Global
	GlobalSection(SolutionConfigurationPlatforms) = preSolution
		Debug|Any CPU = Debug|Any CPU
		Release|Any CPU = Release|Any CPU
	EndGlobalSection
	GlobalSection(ProjectConfigurationPlatforms) = postSolution
		{404330AC-8922-40FC-BA28-C5D0326F3AE2}.Debug|Any CPU.ActiveCfg = Debug|Any CPU
		{404330AC-8922-40FC-BA28-C5D0326F3AE2}.Debug|Any CPU.Build.0 = Debug|Any CPU
		{404330AC-8922-40FC-BA28-C5D0326F3AE2}.Release|Any CPU.ActiveCfg = Release|Any CPU
		{404330AC-8922-40FC-BA28-C5D0326F3AE2}.Release|Any CPU.Build.0 = Release|Any CPU
		{FA8567EA-EBC5-4F87-8409-E9E99EB4C279}.Debug|Any CPU.ActiveCfg = Debug|Any CPU
		{FA8567EA-EBC5-4F87-8409-E9E99EB4C279}.Debug|Any CPU.Build.0 = Debug|Any CPU
		{FA8567EA-EBC5-4F87-8409-E9E99EB4C279}.Release|Any CPU.ActiveCfg = Release|Any CPU
		{FA8567EA-EBC5-4F87-8409-E9E99EB4C279}.Release|Any CPU.Build.0 = Release|Any CPU
	EndGlobalSection
	GlobalSection(SolutionProperties) = preSolution
		HideSolutionNode = FALSE
	EndGlobalSection
EndGlobal
